PODS:
  - EZOpenSDK (4.19.8)
  - Flutter (1.0.0)
  - flutter_ys7 (0.2.7):
    - EZOpenSDK (= 4.19.8)
    - Flutter

DEPENDENCIES:
  - EZOpenSDK
  - Flutter (from `Flutter`)
  - flutter_ys7 (from `.symlinks/plugins/flutter_ys7/ios`)

SPEC REPOS:
  https://github.com/CocoaPods/Specs.git:
    - EZOpenSDK

EXTERNAL SOURCES:
  Flutter:
    :path: Flutter
  flutter_ys7:
    :path: ".symlinks/plugins/flutter_ys7/ios"

SPEC CHECKSUMS:
  EZOpenSDK: e7ba80350e0c4e42c0cc4671a5ae96d33c2d402d
  Flutter: 50d75fe2f02b26cc09d224853bb45737f8b3214a
  flutter_ys7: 5b7b64a71c9c23958f3d8337df96b6a695d6656b

PODFILE CHECKSUM: df03c4c61901d58e779f214c8491f3796a93266c

COCOAPODS: 1.11.2
